
Microsoft Visual Studio Solution File, Format Version 12.00
# Visual Studio Version 16
VisualStudioVersion = 16.0.30711.63
MinimumVisualStudioVersion = 10.0.40219.1
Project("{D954291E-2A0B-460D-934E-DC6B0785DB48}") = "Yubaba.Uno.Shared", "Yubaba.Uno\Yubaba.Uno.Shared\Yubaba.Uno.Shared.shproj", "{6279C845-92F8-4333-AB99-3D213163593C}"
EndProject
Project("{FAE04EC0-301F-11D3-BF4B-00C04F79EFBC}") = "Yubaba.Uno.UWP", "Yubaba.Uno\Yubaba.Uno.UWP\Yubaba.Uno.UWP.csproj", "{606B73E5-5A70-4EE8-8574-9FCD0C64CA8C}"
EndProject
Project("{FAE04EC0-301F-11D3-BF4B-00C04F79EFBC}") = "Yubaba.Uno.Wasm", "Yubaba.Uno\Yubaba.Uno.Wasm\Yubaba.Uno.Wasm.csproj", "{B7F8EBB7-2D9B-4C7D-92FF-737768694377}"
EndProject
Global
	GlobalSection(SharedMSBuildProjectFiles) = preSolution
		Yubaba.Uno\Yubaba.Uno.Shared\Yubaba.Uno.Shared.projitems*{606b73e5-5a70-4ee8-8574-9fcd0c64ca8c}*SharedItemsImports = 4
		Yubaba.Uno\Yubaba.Uno.Shared\Yubaba.Uno.Shared.projitems*{6279c845-92f8-4333-ab99-3d213163593c}*SharedItemsImports = 13
		Yubaba.Uno\Yubaba.Uno.Shared\Yubaba.Uno.Shared.projitems*{b7f8ebb7-2d9b-4c7d-92ff-737768694377}*SharedItemsImports = 5
	EndGlobalSection
	GlobalSection(SolutionConfigurationPlatforms) = preSolution
		Ad-Hoc|Any CPU = Ad-Hoc|Any CPU
		Ad-Hoc|ARM = Ad-Hoc|ARM
		Ad-Hoc|ARM64 = Ad-Hoc|ARM64
		Ad-Hoc|iPhone = Ad-Hoc|iPhone
		Ad-Hoc|iPhoneSimulator = Ad-Hoc|iPhoneSimulator
		Ad-Hoc|x64 = Ad-Hoc|x64
		Ad-Hoc|x86 = Ad-Hoc|x86
		AppStore|Any CPU = AppStore|Any CPU
		AppStore|ARM = AppStore|ARM
		AppStore|ARM64 = AppStore|ARM64
		AppStore|iPhone = AppStore|iPhone
		AppStore|iPhoneSimulator = AppStore|iPhoneSimulator
		AppStore|x64 = AppStore|x64
		AppStore|x86 = AppStore|x86
		Debug|Any CPU = Debug|Any CPU
		Debug|ARM = Debug|ARM
		Debug|ARM64 = Debug|ARM64
		Debug|iPhone = Debug|iPhone
		Debug|iPhoneSimulator = Debug|iPhoneSimulator
		Debug|x64 = Debug|x64
		Debug|x86 = Debug|x86
		Release|Any CPU = Release|Any CPU
		Release|ARM = Release|ARM
		Release|ARM64 = Release|ARM64
		Release|iPhone = Release|iPhone
		Release|iPhoneSimulator = Release|iPhoneSimulator
		Release|x64 = Release|x64
		Release|x86 = Release|x86
	EndGlobalSection
	GlobalSection(ProjectConfigurationPlatforms) = postSolution
		{606B73E5-5A70-4EE8-8574-9FCD0C64CA8C}.Ad-Hoc|Any CPU.ActiveCfg = Debug|x86
		{606B73E5-5A70-4EE8-8574-9FCD0C64CA8C}.Ad-Hoc|Any CPU.Build.0 = Debug|x86
		{606B73E5-5A70-4EE8-8574-9FCD0C64CA8C}.Ad-Hoc|Any CPU.Deploy.0 = Debug|x86
		{606B73E5-5A70-4EE8-8574-9FCD0C64CA8C}.Ad-Hoc|ARM.ActiveCfg = Debug|ARM
		{606B73E5-5A70-4EE8-8574-9FCD0C64CA8C}.Ad-Hoc|ARM.Build.0 = Debug|ARM
		{606B73E5-5A70-4EE8-8574-9FCD0C64CA8C}.Ad-Hoc|ARM.Deploy.0 = Debug|ARM
		{606B73E5-5A70-4EE8-8574-9FCD0C64CA8C}.Ad-Hoc|ARM64.ActiveCfg = Debug|ARM64
		{606B73E5-5A70-4EE8-8574-9FCD0C64CA8C}.Ad-Hoc|ARM64.Build.0 = Debug|ARM64
		{606B73E5-5A70-4EE8-8574-9FCD0C64CA8C}.Ad-Hoc|ARM64.Deploy.0 = Debug|ARM64
		{606B73E5-5A70-4EE8-8574-9FCD0C64CA8C}.Ad-Hoc|iPhone.ActiveCfg = Debug|x86
		{606B73E5-5A70-4EE8-8574-9FCD0C64CA8C}.Ad-Hoc|iPhone.Build.0 = Debug|x86
		{606B73E5-5A70-4EE8-8574-9FCD0C64CA8C}.Ad-Hoc|iPhone.Deploy.0 = Debug|x86
		{606B73E5-5A70-4EE8-8574-9FCD0C64CA8C}.Ad-Hoc|iPhoneSimulator.ActiveCfg = Debug|x86
		{606B73E5-5A70-4EE8-8574-9FCD0C64CA8C}.Ad-Hoc|iPhoneSimulator.Build.0 = Debug|x86
		{606B73E5-5A70-4EE8-8574-9FCD0C64CA8C}.Ad-Hoc|iPhoneSimulator.Deploy.0 = Debug|x86
		{606B73E5-5A70-4EE8-8574-9FCD0C64CA8C}.Ad-Hoc|x64.ActiveCfg = Debug|x64
		{606B73E5-5A70-4EE8-8574-9FCD0C64CA8C}.Ad-Hoc|x64.Build.0 = Debug|x64
		{606B73E5-5A70-4EE8-8574-9FCD0C64CA8C}.Ad-Hoc|x64.Deploy.0 = Debug|x64
		{606B73E5-5A70-4EE8-8574-9FCD0C64CA8C}.Ad-Hoc|x86.ActiveCfg = Debug|x86
		{606B73E5-5A70-4EE8-8574-9FCD0C64CA8C}.Ad-Hoc|x86.Build.0 = Debug|x86
		{606B73E5-5A70-4EE8-8574-9FCD0C64CA8C}.Ad-Hoc|x86.Deploy.0 = Debug|x86
		{606B73E5-5A70-4EE8-8574-9FCD0C64CA8C}.AppStore|Any CPU.ActiveCfg = Debug|x86
		{606B73E5-5A70-4EE8-8574-9FCD0C64CA8C}.AppStore|Any CPU.Build.0 = Debug|x86
		{606B73E5-5A70-4EE8-8574-9FCD0C64CA8C}.AppStore|Any CPU.Deploy.0 = Debug|x86
		{606B73E5-5A70-4EE8-8574-9FCD0C64CA8C}.AppStore|ARM.ActiveCfg = Debug|ARM
		{606B73E5-5A70-4EE8-8574-9FCD0C64CA8C}.AppStore|ARM.Build.0 = Debug|ARM
		{606B73E5-5A70-4EE8-8574-9FCD0C64CA8C}.AppStore|ARM.Deploy.0 = Debug|ARM
		{606B73E5-5A70-4EE8-8574-9FCD0C64CA8C}.AppStore|ARM64.ActiveCfg = Debug|ARM64
		{606B73E5-5A70-4EE8-8574-9FCD0C64CA8C}.AppStore|ARM64.Build.0 = Debug|ARM64
		{606B73E5-5A70-4EE8-8574-9FCD0C64CA8C}.AppStore|ARM64.Deploy.0 = Debug|ARM64
		{606B73E5-5A70-4EE8-8574-9FCD0C64CA8C}.AppStore|iPhone.ActiveCfg = Debug|x86
		{606B73E5-5A70-4EE8-8574-9FCD0C64CA8C}.AppStore|iPhone.Build.0 = Debug|x86
		{606B73E5-5A70-4EE8-8574-9FCD0C64CA8C}.AppStore|iPhone.Deploy.0 = Debug|x86
		{606B73E5-5A70-4EE8-8574-9FCD0C64CA8C}.AppStore|iPhoneSimulator.ActiveCfg = Debug|x86
		{606B73E5-5A70-4EE8-8574-9FCD0C64CA8C}.AppStore|iPhoneSimulator.Build.0 = Debug|x86
		{606B73E5-5A70-4EE8-8574-9FCD0C64CA8C}.AppStore|iPhoneSimulator.Deploy.0 = Debug|x86
		{606B73E5-5A70-4EE8-8574-9FCD0C64CA8C}.AppStore|x64.ActiveCfg = Debug|x64
		{606B73E5-5A70-4EE8-8574-9FCD0C64CA8C}.AppStore|x64.Build.0 = Debug|x64
		{606B73E5-5A70-4EE8-8574-9FCD0C64CA8C}.AppStore|x64.Deploy.0 = Debug|x64
		{606B73E5-5A70-4EE8-8574-9FCD0C64CA8C}.AppStore|x86.ActiveCfg = Debug|x86
		{606B73E5-5A70-4EE8-8574-9FCD0C64CA8C}.AppStore|x86.Build.0 = Debug|x86
		{606B73E5-5A70-4EE8-8574-9FCD0C64CA8C}.AppStore|x86.Deploy.0 = Debug|x86
		{606B73E5-5A70-4EE8-8574-9FCD0C64CA8C}.Debug|Any CPU.ActiveCfg = Debug|x86
		{606B73E5-5A70-4EE8-8574-9FCD0C64CA8C}.Debug|ARM.ActiveCfg = Debug|ARM
		{606B73E5-5A70-4EE8-8574-9FCD0C64CA8C}.Debug|ARM.Build.0 = Debug|ARM
		{606B73E5-5A70-4EE8-8574-9FCD0C64CA8C}.Debug|ARM.Deploy.0 = Debug|ARM
		{606B73E5-5A70-4EE8-8574-9FCD0C64CA8C}.Debug|ARM64.ActiveCfg = Debug|ARM64
		{606B73E5-5A70-4EE8-8574-9FCD0C64CA8C}.Debug|ARM64.Build.0 = Debug|ARM64
		{606B73E5-5A70-4EE8-8574-9FCD0C64CA8C}.Debug|ARM64.Deploy.0 = Debug|ARM64
		{606B73E5-5A70-4EE8-8574-9FCD0C64CA8C}.Debug|iPhone.ActiveCfg = Debug|x86
		{606B73E5-5A70-4EE8-8574-9FCD0C64CA8C}.Debug|iPhoneSimulator.ActiveCfg = Debug|x86
		{606B73E5-5A70-4EE8-8574-9FCD0C64CA8C}.Debug|x64.ActiveCfg = Debug|x64
		{606B73E5-5A70-4EE8-8574-9FCD0C64CA8C}.Debug|x64.Build.0 = Debug|x64
		{606B73E5-5A70-4EE8-8574-9FCD0C64CA8C}.Debug|x64.Deploy.0 = Debug|x64
		{606B73E5-5A70-4EE8-8574-9FCD0C64CA8C}.Debug|x86.ActiveCfg = Debug|x86
		{606B73E5-5A70-4EE8-8574-9FCD0C64CA8C}.Debug|x86.Build.0 = Debug|x86
		{606B73E5-5A70-4EE8-8574-9FCD0C64CA8C}.Debug|x86.Deploy.0 = Debug|x86
		{606B73E5-5A70-4EE8-8574-9FCD0C64CA8C}.Release|Any CPU.ActiveCfg = Release|x86
		{606B73E5-5A70-4EE8-8574-9FCD0C64CA8C}.Release|ARM.ActiveCfg = Release|ARM
		{606B73E5-5A70-4EE8-8574-9FCD0C64CA8C}.Release|ARM.Build.0 = Release|ARM
		{606B73E5-5A70-4EE8-8574-9FCD0C64CA8C}.Release|ARM.Deploy.0 = Release|ARM
		{606B73E5-5A70-4EE8-8574-9FCD0C64CA8C}.Release|ARM64.ActiveCfg = Release|ARM64
		{606B73E5-5A70-4EE8-8574-9FCD0C64CA8C}.Release|ARM64.Build.0 = Release|ARM64
		{606B73E5-5A70-4EE8-8574-9FCD0C64CA8C}.Release|ARM64.Deploy.0 = Release|ARM64
		{606B73E5-5A70-4EE8-8574-9FCD0C64CA8C}.Release|iPhone.ActiveCfg = Release|x86
		{606B73E5-5A70-4EE8-8574-9FCD0C64CA8C}.Release|iPhoneSimulator.ActiveCfg = Release|x86
		{606B73E5-5A70-4EE8-8574-9FCD0C64CA8C}.Release|x64.ActiveCfg = Release|x64
		{606B73E5-5A70-4EE8-8574-9FCD0C64CA8C}.Release|x64.Build.0 = Release|x64
		{606B73E5-5A70-4EE8-8574-9FCD0C64CA8C}.Release|x64.Deploy.0 = Release|x64
		{606B73E5-5A70-4EE8-8574-9FCD0C64CA8C}.Release|x86.ActiveCfg = Release|x86
		{606B73E5-5A70-4EE8-8574-9FCD0C64CA8C}.Release|x86.Build.0 = Release|x86
		{606B73E5-5A70-4EE8-8574-9FCD0C64CA8C}.Release|x86.Deploy.0 = Release|x86
		{B7F8EBB7-2D9B-4C7D-92FF-737768694377}.Ad-Hoc|Any CPU.ActiveCfg = Debug|Any CPU
		{B7F8EBB7-2D9B-4C7D-92FF-737768694377}.Ad-Hoc|Any CPU.Build.0 = Debug|Any CPU
		{B7F8EBB7-2D9B-4C7D-92FF-737768694377}.Ad-Hoc|ARM.ActiveCfg = Debug|Any CPU
		{B7F8EBB7-2D9B-4C7D-92FF-737768694377}.Ad-Hoc|ARM.Build.0 = Debug|Any CPU
		{B7F8EBB7-2D9B-4C7D-92FF-737768694377}.Ad-Hoc|ARM64.ActiveCfg = Debug|Any CPU
		{B7F8EBB7-2D9B-4C7D-92FF-737768694377}.Ad-Hoc|ARM64.Build.0 = Debug|Any CPU
		{B7F8EBB7-2D9B-4C7D-92FF-737768694377}.Ad-Hoc|iPhone.ActiveCfg = Debug|Any CPU
		{B7F8EBB7-2D9B-4C7D-92FF-737768694377}.Ad-Hoc|iPhone.Build.0 = Debug|Any CPU
		{B7F8EBB7-2D9B-4C7D-92FF-737768694377}.Ad-Hoc|iPhoneSimulator.ActiveCfg = Debug|Any CPU
		{B7F8EBB7-2D9B-4C7D-92FF-737768694377}.Ad-Hoc|iPhoneSimulator.Build.0 = Debug|Any CPU
		{B7F8EBB7-2D9B-4C7D-92FF-737768694377}.Ad-Hoc|x64.ActiveCfg = Debug|Any CPU
		{B7F8EBB7-2D9B-4C7D-92FF-737768694377}.Ad-Hoc|x64.Build.0 = Debug|Any CPU
		{B7F8EBB7-2D9B-4C7D-92FF-737768694377}.Ad-Hoc|x86.ActiveCfg = Debug|Any CPU
		{B7F8EBB7-2D9B-4C7D-92FF-737768694377}.Ad-Hoc|x86.Build.0 = Debug|Any CPU
		{B7F8EBB7-2D9B-4C7D-92FF-737768694377}.AppStore|Any CPU.ActiveCfg = Debug|Any CPU
		{B7F8EBB7-2D9B-4C7D-92FF-737768694377}.AppStore|Any CPU.Build.0 = Debug|Any CPU
		{B7F8EBB7-2D9B-4C7D-92FF-737768694377}.AppStore|ARM.ActiveCfg = Debug|Any CPU
		{B7F8EBB7-2D9B-4C7D-92FF-737768694377}.AppStore|ARM.Build.0 = Debug|Any CPU
		{B7F8EBB7-2D9B-4C7D-92FF-737768694377}.AppStore|ARM64.ActiveCfg = Debug|Any CPU
		{B7F8EBB7-2D9B-4C7D-92FF-737768694377}.AppStore|ARM64.Build.0 = Debug|Any CPU
		{B7F8EBB7-2D9B-4C7D-92FF-737768694377}.AppStore|iPhone.ActiveCfg = Debug|Any CPU
		{B7F8EBB7-2D9B-4C7D-92FF-737768694377}.AppStore|iPhone.Build.0 = Debug|Any CPU
		{B7F8EBB7-2D9B-4C7D-92FF-737768694377}.AppStore|iPhoneSimulator.ActiveCfg = Debug|Any CPU
		{B7F8EBB7-2D9B-4C7D-92FF-737768694377}.AppStore|iPhoneSimulator.Build.0 = Debug|Any CPU
		{B7F8EBB7-2D9B-4C7D-92FF-737768694377}.AppStore|x64.ActiveCfg = Debug|Any CPU
		{B7F8EBB7-2D9B-4C7D-92FF-737768694377}.AppStore|x64.Build.0 = Debug|Any CPU
		{B7F8EBB7-2D9B-4C7D-92FF-737768694377}.AppStore|x86.ActiveCfg = Debug|Any CPU
		{B7F8EBB7-2D9B-4C7D-92FF-737768694377}.AppStore|x86.Build.0 = Debug|Any CPU
		{B7F8EBB7-2D9B-4C7D-92FF-737768694377}.Debug|Any CPU.ActiveCfg = Debug|Any CPU
		{B7F8EBB7-2D9B-4C7D-92FF-737768694377}.Debug|Any CPU.Build.0 = Debug|Any CPU
		{B7F8EBB7-2D9B-4C7D-92FF-737768694377}.Debug|ARM.ActiveCfg = Debug|Any CPU
		{B7F8EBB7-2D9B-4C7D-92FF-737768694377}.Debug|ARM.Build.0 = Debug|Any CPU
		{B7F8EBB7-2D9B-4C7D-92FF-737768694377}.Debug|ARM64.ActiveCfg = Debug|Any CPU
		{B7F8EBB7-2D9B-4C7D-92FF-737768694377}.Debug|ARM64.Build.0 = Debug|Any CPU
		{B7F8EBB7-2D9B-4C7D-92FF-737768694377}.Debug|iPhone.ActiveCfg = Debug|Any CPU
		{B7F8EBB7-2D9B-4C7D-92FF-737768694377}.Debug|iPhone.Build.0 = Debug|Any CPU
		{B7F8EBB7-2D9B-4C7D-92FF-737768694377}.Debug|iPhoneSimulator.ActiveCfg = Debug|Any CPU
		{B7F8EBB7-2D9B-4C7D-92FF-737768694377}.Debug|iPhoneSimulator.Build.0 = Debug|Any CPU
		{B7F8EBB7-2D9B-4C7D-92FF-737768694377}.Debug|x64.ActiveCfg = Debug|Any CPU
		{B7F8EBB7-2D9B-4C7D-92FF-737768694377}.Debug|x64.Build.0 = Debug|Any CPU
		{B7F8EBB7-2D9B-4C7D-92FF-737768694377}.Debug|x86.ActiveCfg = Debug|Any CPU
		{B7F8EBB7-2D9B-4C7D-92FF-737768694377}.Debug|x86.Build.0 = Debug|Any CPU
		{B7F8EBB7-2D9B-4C7D-92FF-737768694377}.Release|Any CPU.ActiveCfg = Release|Any CPU
		{B7F8EBB7-2D9B-4C7D-92FF-737768694377}.Release|Any CPU.Build.0 = Release|Any CPU
		{B7F8EBB7-2D9B-4C7D-92FF-737768694377}.Release|ARM.ActiveCfg = Release|Any CPU
		{B7F8EBB7-2D9B-4C7D-92FF-737768694377}.Release|ARM.Build.0 = Release|Any CPU
		{B7F8EBB7-2D9B-4C7D-92FF-737768694377}.Release|ARM64.ActiveCfg = Release|Any CPU
		{B7F8EBB7-2D9B-4C7D-92FF-737768694377}.Release|ARM64.Build.0 = Release|Any CPU
		{B7F8EBB7-2D9B-4C7D-92FF-737768694377}.Release|iPhone.ActiveCfg = Release|Any CPU
		{B7F8EBB7-2D9B-4C7D-92FF-737768694377}.Release|iPhone.Build.0 = Release|Any CPU
		{B7F8EBB7-2D9B-4C7D-92FF-737768694377}.Release|iPhoneSimulator.ActiveCfg = Release|Any CPU
		{B7F8EBB7-2D9B-4C7D-92FF-737768694377}.Release|iPhoneSimulator.Build.0 = Release|Any CPU
		{B7F8EBB7-2D9B-4C7D-92FF-737768694377}.Release|x64.ActiveCfg = Release|Any CPU
		{B7F8EBB7-2D9B-4C7D-92FF-737768694377}.Release|x64.Build.0 = Release|Any CPU
		{B7F8EBB7-2D9B-4C7D-92FF-737768694377}.Release|x86.ActiveCfg = Release|Any CPU
		{B7F8EBB7-2D9B-4C7D-92FF-737768694377}.Release|x86.Build.0 = Release|Any CPU
	EndGlobalSection
	GlobalSection(SolutionProperties) = preSolution
		HideSolutionNode = FALSE
	EndGlobalSection
	GlobalSection(ExtensibilityGlobals) = postSolution
		SolutionGuid = {22BBFDF2-3928-40CE-BDF3-15001CEADDEF}
	EndGlobalSection
EndGlobal
