
Microsoft Visual Studio Solution File, Format Version 12.00
# Visual Studio Version 16
VisualStudioVersion = 16.0.30711.63
MinimumVisualStudioVersion = 10.0.40219.1
Project("{D954291E-2A0B-460D-934E-DC6B0785DB48}") = "Yubaba.Uno.Shared", "Yubaba.Uno\Yubaba.Uno.Shared\Yubaba.Uno.Shared.shproj", "{6279C845-92F8-4333-AB99-3D213163593C}"
EndProject
Project("{FAE04EC0-301F-11D3-BF4B-00C04F79EFBC}") = "Yubaba.Uno.UWP", "Yubaba.Uno\Yubaba.Uno.UWP\Yubaba.Uno.UWP.csproj", "{606B73E5-5A70-4EE8-8574-9FCD0C64CA8C}"
EndProject
Project("{9A19103F-16F7-4668-BE54-9A1E7A4F7556}") = "Yubaba.Uno.Wasm", "Yubaba.Uno\Yubaba.Uno.Wasm\Yubaba.Uno.Wasm.csproj", "{B7F8EBB7-2D9B-4C7D-92FF-737768694377}"
EndProject
Project("{9A19103F-16F7-4668-BE54-9A1E7A4F7556}") = "Yubaba.Uno.Services", "Yubaba.Uno.Services\Yubaba.Uno.Services.csproj", "{1A188D1E-5A40-4839-8E83-8733DA767A90}"
EndProject
Project("{9A19103F-16F7-4668-BE54-9A1E7A4F7556}") = "Yubaba.Uno.Services.Impl", "Yubaba.Uno.Services.Impl\Yubaba.Uno.Services.Impl.csproj", "{EB8077F4-5B84-492C-AA1E-9CA8F60E9669}"
EndProject
Project("{9A19103F-16F7-4668-BE54-9A1E7A4F7556}") = "Yubaba.Uno.Modules.Main", "Yubaba.Uno.Modules.Main\Yubaba.Uno.Modules.Main.csproj", "{E8295193-647A-4DAC-A404-2722A5699FC2}"
EndProject
Project("{9A19103F-16F7-4668-BE54-9A1E7A4F7556}") = "Yubaba.Uno.Infrastructures", "Yubaba.Uno.Infrastructures\Yubaba.Uno.Infrastructures.csproj", "{A6149167-6FA7-4E97-87A9-A13D17C43D24}"
EndProject
Project("{2150E333-8FDC-42A3-9474-1A3956D46DE8}") = "Tests", "Tests", "{613AE0CB-0E5F-4B0C-B990-01B33690947A}"
EndProject
Project("{FAE04EC0-301F-11D3-BF4B-00C04F79EFBC}") = "Yubaba.Uno.Tests", "Tests\Yubaba.Uno.Tests\Yubaba.Uno.Tests.csproj", "{EB3BB870-1E6D-41EE-9786-6601FAB97ED9}"
EndProject
Global
	GlobalSection(SharedMSBuildProjectFiles) = preSolution
		Yubaba.Uno\Yubaba.Uno.Shared\Yubaba.Uno.Shared.projitems*{606b73e5-5a70-4ee8-8574-9fcd0c64ca8c}*SharedItemsImports = 4
		Yubaba.Uno\Yubaba.Uno.Shared\Yubaba.Uno.Shared.projitems*{6279c845-92f8-4333-ab99-3d213163593c}*SharedItemsImports = 13
		Yubaba.Uno\Yubaba.Uno.Shared\Yubaba.Uno.Shared.projitems*{b7f8ebb7-2d9b-4c7d-92ff-737768694377}*SharedItemsImports = 5
	EndGlobalSection
	GlobalSection(SolutionConfigurationPlatforms) = preSolution
		Ad-Hoc|Any CPU = Ad-Hoc|Any CPU
		Ad-Hoc|ARM = Ad-Hoc|ARM
		Ad-Hoc|ARM64 = Ad-Hoc|ARM64
		Ad-Hoc|iPhone = Ad-Hoc|iPhone
		Ad-Hoc|iPhoneSimulator = Ad-Hoc|iPhoneSimulator
		Ad-Hoc|x64 = Ad-Hoc|x64
		Ad-Hoc|x86 = Ad-Hoc|x86
		AppStore|Any CPU = AppStore|Any CPU
		AppStore|ARM = AppStore|ARM
		AppStore|ARM64 = AppStore|ARM64
		AppStore|iPhone = AppStore|iPhone
		AppStore|iPhoneSimulator = AppStore|iPhoneSimulator
		AppStore|x64 = AppStore|x64
		AppStore|x86 = AppStore|x86
		Debug|Any CPU = Debug|Any CPU
		Debug|ARM = Debug|ARM
		Debug|ARM64 = Debug|ARM64
		Debug|iPhone = Debug|iPhone
		Debug|iPhoneSimulator = Debug|iPhoneSimulator
		Debug|x64 = Debug|x64
		Debug|x86 = Debug|x86
		Release|Any CPU = Release|Any CPU
		Release|ARM = Release|ARM
		Release|ARM64 = Release|ARM64
		Release|iPhone = Release|iPhone
		Release|iPhoneSimulator = Release|iPhoneSimulator
		Release|x64 = Release|x64
		Release|x86 = Release|x86
	EndGlobalSection
	GlobalSection(ProjectConfigurationPlatforms) = postSolution
		{606B73E5-5A70-4EE8-8574-9FCD0C64CA8C}.Ad-Hoc|Any CPU.ActiveCfg = Debug|x86
		{606B73E5-5A70-4EE8-8574-9FCD0C64CA8C}.Ad-Hoc|Any CPU.Build.0 = Debug|x86
		{606B73E5-5A70-4EE8-8574-9FCD0C64CA8C}.Ad-Hoc|Any CPU.Deploy.0 = Debug|x86
		{606B73E5-5A70-4EE8-8574-9FCD0C64CA8C}.Ad-Hoc|ARM.ActiveCfg = Debug|ARM
		{606B73E5-5A70-4EE8-8574-9FCD0C64CA8C}.Ad-Hoc|ARM.Build.0 = Debug|ARM
		{606B73E5-5A70-4EE8-8574-9FCD0C64CA8C}.Ad-Hoc|ARM.Deploy.0 = Debug|ARM
		{606B73E5-5A70-4EE8-8574-9FCD0C64CA8C}.Ad-Hoc|ARM64.ActiveCfg = Debug|ARM64
		{606B73E5-5A70-4EE8-8574-9FCD0C64CA8C}.Ad-Hoc|ARM64.Build.0 = Debug|ARM64
		{606B73E5-5A70-4EE8-8574-9FCD0C64CA8C}.Ad-Hoc|ARM64.Deploy.0 = Debug|ARM64
		{606B73E5-5A70-4EE8-8574-9FCD0C64CA8C}.Ad-Hoc|iPhone.ActiveCfg = Debug|x86
		{606B73E5-5A70-4EE8-8574-9FCD0C64CA8C}.Ad-Hoc|iPhone.Build.0 = Debug|x86
		{606B73E5-5A70-4EE8-8574-9FCD0C64CA8C}.Ad-Hoc|iPhone.Deploy.0 = Debug|x86
		{606B73E5-5A70-4EE8-8574-9FCD0C64CA8C}.Ad-Hoc|iPhoneSimulator.ActiveCfg = Debug|x86
		{606B73E5-5A70-4EE8-8574-9FCD0C64CA8C}.Ad-Hoc|iPhoneSimulator.Build.0 = Debug|x86
		{606B73E5-5A70-4EE8-8574-9FCD0C64CA8C}.Ad-Hoc|iPhoneSimulator.Deploy.0 = Debug|x86
		{606B73E5-5A70-4EE8-8574-9FCD0C64CA8C}.Ad-Hoc|x64.ActiveCfg = Debug|x64
		{606B73E5-5A70-4EE8-8574-9FCD0C64CA8C}.Ad-Hoc|x64.Build.0 = Debug|x64
		{606B73E5-5A70-4EE8-8574-9FCD0C64CA8C}.Ad-Hoc|x64.Deploy.0 = Debug|x64
		{606B73E5-5A70-4EE8-8574-9FCD0C64CA8C}.Ad-Hoc|x86.ActiveCfg = Debug|x86
		{606B73E5-5A70-4EE8-8574-9FCD0C64CA8C}.Ad-Hoc|x86.Build.0 = Debug|x86
		{606B73E5-5A70-4EE8-8574-9FCD0C64CA8C}.Ad-Hoc|x86.Deploy.0 = Debug|x86
		{606B73E5-5A70-4EE8-8574-9FCD0C64CA8C}.AppStore|Any CPU.ActiveCfg = Debug|x86
		{606B73E5-5A70-4EE8-8574-9FCD0C64CA8C}.AppStore|Any CPU.Build.0 = Debug|x86
		{606B73E5-5A70-4EE8-8574-9FCD0C64CA8C}.AppStore|Any CPU.Deploy.0 = Debug|x86
		{606B73E5-5A70-4EE8-8574-9FCD0C64CA8C}.AppStore|ARM.ActiveCfg = Debug|ARM
		{606B73E5-5A70-4EE8-8574-9FCD0C64CA8C}.AppStore|ARM.Build.0 = Debug|ARM
		{606B73E5-5A70-4EE8-8574-9FCD0C64CA8C}.AppStore|ARM.Deploy.0 = Debug|ARM
		{606B73E5-5A70-4EE8-8574-9FCD0C64CA8C}.AppStore|ARM64.ActiveCfg = Debug|ARM64
		{606B73E5-5A70-4EE8-8574-9FCD0C64CA8C}.AppStore|ARM64.Build.0 = Debug|ARM64
		{606B73E5-5A70-4EE8-8574-9FCD0C64CA8C}.AppStore|ARM64.Deploy.0 = Debug|ARM64
		{606B73E5-5A70-4EE8-8574-9FCD0C64CA8C}.AppStore|iPhone.ActiveCfg = Debug|x86
		{606B73E5-5A70-4EE8-8574-9FCD0C64CA8C}.AppStore|iPhone.Build.0 = Debug|x86
		{606B73E5-5A70-4EE8-8574-9FCD0C64CA8C}.AppStore|iPhone.Deploy.0 = Debug|x86
		{606B73E5-5A70-4EE8-8574-9FCD0C64CA8C}.AppStore|iPhoneSimulator.ActiveCfg = Debug|x86
		{606B73E5-5A70-4EE8-8574-9FCD0C64CA8C}.AppStore|iPhoneSimulator.Build.0 = Debug|x86
		{606B73E5-5A70-4EE8-8574-9FCD0C64CA8C}.AppStore|iPhoneSimulator.Deploy.0 = Debug|x86
		{606B73E5-5A70-4EE8-8574-9FCD0C64CA8C}.AppStore|x64.ActiveCfg = Debug|x64
		{606B73E5-5A70-4EE8-8574-9FCD0C64CA8C}.AppStore|x64.Build.0 = Debug|x64
		{606B73E5-5A70-4EE8-8574-9FCD0C64CA8C}.AppStore|x64.Deploy.0 = Debug|x64
		{606B73E5-5A70-4EE8-8574-9FCD0C64CA8C}.AppStore|x86.ActiveCfg = Debug|x86
		{606B73E5-5A70-4EE8-8574-9FCD0C64CA8C}.AppStore|x86.Build.0 = Debug|x86
		{606B73E5-5A70-4EE8-8574-9FCD0C64CA8C}.AppStore|x86.Deploy.0 = Debug|x86
		{606B73E5-5A70-4EE8-8574-9FCD0C64CA8C}.Debug|Any CPU.ActiveCfg = Debug|x86
		{606B73E5-5A70-4EE8-8574-9FCD0C64CA8C}.Debug|ARM.ActiveCfg = Debug|ARM
		{606B73E5-5A70-4EE8-8574-9FCD0C64CA8C}.Debug|ARM.Build.0 = Debug|ARM
		{606B73E5-5A70-4EE8-8574-9FCD0C64CA8C}.Debug|ARM.Deploy.0 = Debug|ARM
		{606B73E5-5A70-4EE8-8574-9FCD0C64CA8C}.Debug|ARM64.ActiveCfg = Debug|ARM64
		{606B73E5-5A70-4EE8-8574-9FCD0C64CA8C}.Debug|ARM64.Build.0 = Debug|ARM64
		{606B73E5-5A70-4EE8-8574-9FCD0C64CA8C}.Debug|ARM64.Deploy.0 = Debug|ARM64
		{606B73E5-5A70-4EE8-8574-9FCD0C64CA8C}.Debug|iPhone.ActiveCfg = Debug|x86
		{606B73E5-5A70-4EE8-8574-9FCD0C64CA8C}.Debug|iPhoneSimulator.ActiveCfg = Debug|x86
		{606B73E5-5A70-4EE8-8574-9FCD0C64CA8C}.Debug|x64.ActiveCfg = Debug|x64
		{606B73E5-5A70-4EE8-8574-9FCD0C64CA8C}.Debug|x64.Build.0 = Debug|x64
		{606B73E5-5A70-4EE8-8574-9FCD0C64CA8C}.Debug|x64.Deploy.0 = Debug|x64
		{606B73E5-5A70-4EE8-8574-9FCD0C64CA8C}.Debug|x86.ActiveCfg = Debug|x86
		{606B73E5-5A70-4EE8-8574-9FCD0C64CA8C}.Debug|x86.Build.0 = Debug|x86
		{606B73E5-5A70-4EE8-8574-9FCD0C64CA8C}.Debug|x86.Deploy.0 = Debug|x86
		{606B73E5-5A70-4EE8-8574-9FCD0C64CA8C}.Release|Any CPU.ActiveCfg = Release|x86
		{606B73E5-5A70-4EE8-8574-9FCD0C64CA8C}.Release|ARM.ActiveCfg = Release|ARM
		{606B73E5-5A70-4EE8-8574-9FCD0C64CA8C}.Release|ARM.Build.0 = Release|ARM
		{606B73E5-5A70-4EE8-8574-9FCD0C64CA8C}.Release|ARM.Deploy.0 = Release|ARM
		{606B73E5-5A70-4EE8-8574-9FCD0C64CA8C}.Release|ARM64.ActiveCfg = Release|ARM64
		{606B73E5-5A70-4EE8-8574-9FCD0C64CA8C}.Release|ARM64.Build.0 = Release|ARM64
		{606B73E5-5A70-4EE8-8574-9FCD0C64CA8C}.Release|ARM64.Deploy.0 = Release|ARM64
		{606B73E5-5A70-4EE8-8574-9FCD0C64CA8C}.Release|iPhone.ActiveCfg = Release|x86
		{606B73E5-5A70-4EE8-8574-9FCD0C64CA8C}.Release|iPhoneSimulator.ActiveCfg = Release|x86
		{606B73E5-5A70-4EE8-8574-9FCD0C64CA8C}.Release|x64.ActiveCfg = Release|x64
		{606B73E5-5A70-4EE8-8574-9FCD0C64CA8C}.Release|x64.Build.0 = Release|x64
		{606B73E5-5A70-4EE8-8574-9FCD0C64CA8C}.Release|x64.Deploy.0 = Release|x64
		{606B73E5-5A70-4EE8-8574-9FCD0C64CA8C}.Release|x86.ActiveCfg = Release|x86
		{606B73E5-5A70-4EE8-8574-9FCD0C64CA8C}.Release|x86.Build.0 = Release|x86
		{606B73E5-5A70-4EE8-8574-9FCD0C64CA8C}.Release|x86.Deploy.0 = Release|x86
		{B7F8EBB7-2D9B-4C7D-92FF-737768694377}.Ad-Hoc|Any CPU.ActiveCfg = Debug|Any CPU
		{B7F8EBB7-2D9B-4C7D-92FF-737768694377}.Ad-Hoc|Any CPU.Build.0 = Debug|Any CPU
		{B7F8EBB7-2D9B-4C7D-92FF-737768694377}.Ad-Hoc|ARM.ActiveCfg = Debug|Any CPU
		{B7F8EBB7-2D9B-4C7D-92FF-737768694377}.Ad-Hoc|ARM.Build.0 = Debug|Any CPU
		{B7F8EBB7-2D9B-4C7D-92FF-737768694377}.Ad-Hoc|ARM64.ActiveCfg = Debug|Any CPU
		{B7F8EBB7-2D9B-4C7D-92FF-737768694377}.Ad-Hoc|ARM64.Build.0 = Debug|Any CPU
		{B7F8EBB7-2D9B-4C7D-92FF-737768694377}.Ad-Hoc|iPhone.ActiveCfg = Debug|Any CPU
		{B7F8EBB7-2D9B-4C7D-92FF-737768694377}.Ad-Hoc|iPhone.Build.0 = Debug|Any CPU
		{B7F8EBB7-2D9B-4C7D-92FF-737768694377}.Ad-Hoc|iPhoneSimulator.ActiveCfg = Debug|Any CPU
		{B7F8EBB7-2D9B-4C7D-92FF-737768694377}.Ad-Hoc|iPhoneSimulator.Build.0 = Debug|Any CPU
		{B7F8EBB7-2D9B-4C7D-92FF-737768694377}.Ad-Hoc|x64.ActiveCfg = Debug|Any CPU
		{B7F8EBB7-2D9B-4C7D-92FF-737768694377}.Ad-Hoc|x64.Build.0 = Debug|Any CPU
		{B7F8EBB7-2D9B-4C7D-92FF-737768694377}.Ad-Hoc|x86.ActiveCfg = Debug|Any CPU
		{B7F8EBB7-2D9B-4C7D-92FF-737768694377}.Ad-Hoc|x86.Build.0 = Debug|Any CPU
		{B7F8EBB7-2D9B-4C7D-92FF-737768694377}.AppStore|Any CPU.ActiveCfg = Debug|Any CPU
		{B7F8EBB7-2D9B-4C7D-92FF-737768694377}.AppStore|Any CPU.Build.0 = Debug|Any CPU
		{B7F8EBB7-2D9B-4C7D-92FF-737768694377}.AppStore|ARM.ActiveCfg = Debug|Any CPU
		{B7F8EBB7-2D9B-4C7D-92FF-737768694377}.AppStore|ARM.Build.0 = Debug|Any CPU
		{B7F8EBB7-2D9B-4C7D-92FF-737768694377}.AppStore|ARM64.ActiveCfg = Debug|Any CPU
		{B7F8EBB7-2D9B-4C7D-92FF-737768694377}.AppStore|ARM64.Build.0 = Debug|Any CPU
		{B7F8EBB7-2D9B-4C7D-92FF-737768694377}.AppStore|iPhone.ActiveCfg = Debug|Any CPU
		{B7F8EBB7-2D9B-4C7D-92FF-737768694377}.AppStore|iPhone.Build.0 = Debug|Any CPU
		{B7F8EBB7-2D9B-4C7D-92FF-737768694377}.AppStore|iPhoneSimulator.ActiveCfg = Debug|Any CPU
		{B7F8EBB7-2D9B-4C7D-92FF-737768694377}.AppStore|iPhoneSimulator.Build.0 = Debug|Any CPU
		{B7F8EBB7-2D9B-4C7D-92FF-737768694377}.AppStore|x64.ActiveCfg = Debug|Any CPU
		{B7F8EBB7-2D9B-4C7D-92FF-737768694377}.AppStore|x64.Build.0 = Debug|Any CPU
		{B7F8EBB7-2D9B-4C7D-92FF-737768694377}.AppStore|x86.ActiveCfg = Debug|Any CPU
		{B7F8EBB7-2D9B-4C7D-92FF-737768694377}.AppStore|x86.Build.0 = Debug|Any CPU
		{B7F8EBB7-2D9B-4C7D-92FF-737768694377}.Debug|Any CPU.ActiveCfg = Debug|Any CPU
		{B7F8EBB7-2D9B-4C7D-92FF-737768694377}.Debug|Any CPU.Build.0 = Debug|Any CPU
		{B7F8EBB7-2D9B-4C7D-92FF-737768694377}.Debug|ARM.ActiveCfg = Debug|Any CPU
		{B7F8EBB7-2D9B-4C7D-92FF-737768694377}.Debug|ARM.Build.0 = Debug|Any CPU
		{B7F8EBB7-2D9B-4C7D-92FF-737768694377}.Debug|ARM64.ActiveCfg = Debug|Any CPU
		{B7F8EBB7-2D9B-4C7D-92FF-737768694377}.Debug|ARM64.Build.0 = Debug|Any CPU
		{B7F8EBB7-2D9B-4C7D-92FF-737768694377}.Debug|iPhone.ActiveCfg = Debug|Any CPU
		{B7F8EBB7-2D9B-4C7D-92FF-737768694377}.Debug|iPhone.Build.0 = Debug|Any CPU
		{B7F8EBB7-2D9B-4C7D-92FF-737768694377}.Debug|iPhoneSimulator.ActiveCfg = Debug|Any CPU
		{B7F8EBB7-2D9B-4C7D-92FF-737768694377}.Debug|iPhoneSimulator.Build.0 = Debug|Any CPU
		{B7F8EBB7-2D9B-4C7D-92FF-737768694377}.Debug|x64.ActiveCfg = Debug|Any CPU
		{B7F8EBB7-2D9B-4C7D-92FF-737768694377}.Debug|x64.Build.0 = Debug|Any CPU
		{B7F8EBB7-2D9B-4C7D-92FF-737768694377}.Debug|x86.ActiveCfg = Debug|Any CPU
		{B7F8EBB7-2D9B-4C7D-92FF-737768694377}.Debug|x86.Build.0 = Debug|Any CPU
		{B7F8EBB7-2D9B-4C7D-92FF-737768694377}.Release|Any CPU.ActiveCfg = Release|Any CPU
		{B7F8EBB7-2D9B-4C7D-92FF-737768694377}.Release|Any CPU.Build.0 = Release|Any CPU
		{B7F8EBB7-2D9B-4C7D-92FF-737768694377}.Release|ARM.ActiveCfg = Release|Any CPU
		{B7F8EBB7-2D9B-4C7D-92FF-737768694377}.Release|ARM.Build.0 = Release|Any CPU
		{B7F8EBB7-2D9B-4C7D-92FF-737768694377}.Release|ARM64.ActiveCfg = Release|Any CPU
		{B7F8EBB7-2D9B-4C7D-92FF-737768694377}.Release|ARM64.Build.0 = Release|Any CPU
		{B7F8EBB7-2D9B-4C7D-92FF-737768694377}.Release|iPhone.ActiveCfg = Release|Any CPU
		{B7F8EBB7-2D9B-4C7D-92FF-737768694377}.Release|iPhone.Build.0 = Release|Any CPU
		{B7F8EBB7-2D9B-4C7D-92FF-737768694377}.Release|iPhoneSimulator.ActiveCfg = Release|Any CPU
		{B7F8EBB7-2D9B-4C7D-92FF-737768694377}.Release|iPhoneSimulator.Build.0 = Release|Any CPU
		{B7F8EBB7-2D9B-4C7D-92FF-737768694377}.Release|x64.ActiveCfg = Release|Any CPU
		{B7F8EBB7-2D9B-4C7D-92FF-737768694377}.Release|x64.Build.0 = Release|Any CPU
		{B7F8EBB7-2D9B-4C7D-92FF-737768694377}.Release|x86.ActiveCfg = Release|Any CPU
		{B7F8EBB7-2D9B-4C7D-92FF-737768694377}.Release|x86.Build.0 = Release|Any CPU
		{1A188D1E-5A40-4839-8E83-8733DA767A90}.Ad-Hoc|Any CPU.ActiveCfg = Debug|Any CPU
		{1A188D1E-5A40-4839-8E83-8733DA767A90}.Ad-Hoc|Any CPU.Build.0 = Debug|Any CPU
		{1A188D1E-5A40-4839-8E83-8733DA767A90}.Ad-Hoc|ARM.ActiveCfg = Debug|Any CPU
		{1A188D1E-5A40-4839-8E83-8733DA767A90}.Ad-Hoc|ARM.Build.0 = Debug|Any CPU
		{1A188D1E-5A40-4839-8E83-8733DA767A90}.Ad-Hoc|ARM64.ActiveCfg = Debug|Any CPU
		{1A188D1E-5A40-4839-8E83-8733DA767A90}.Ad-Hoc|ARM64.Build.0 = Debug|Any CPU
		{1A188D1E-5A40-4839-8E83-8733DA767A90}.Ad-Hoc|iPhone.ActiveCfg = Debug|Any CPU
		{1A188D1E-5A40-4839-8E83-8733DA767A90}.Ad-Hoc|iPhone.Build.0 = Debug|Any CPU
		{1A188D1E-5A40-4839-8E83-8733DA767A90}.Ad-Hoc|iPhoneSimulator.ActiveCfg = Debug|Any CPU
		{1A188D1E-5A40-4839-8E83-8733DA767A90}.Ad-Hoc|iPhoneSimulator.Build.0 = Debug|Any CPU
		{1A188D1E-5A40-4839-8E83-8733DA767A90}.Ad-Hoc|x64.ActiveCfg = Debug|Any CPU
		{1A188D1E-5A40-4839-8E83-8733DA767A90}.Ad-Hoc|x64.Build.0 = Debug|Any CPU
		{1A188D1E-5A40-4839-8E83-8733DA767A90}.Ad-Hoc|x86.ActiveCfg = Debug|Any CPU
		{1A188D1E-5A40-4839-8E83-8733DA767A90}.Ad-Hoc|x86.Build.0 = Debug|Any CPU
		{1A188D1E-5A40-4839-8E83-8733DA767A90}.AppStore|Any CPU.ActiveCfg = Debug|Any CPU
		{1A188D1E-5A40-4839-8E83-8733DA767A90}.AppStore|Any CPU.Build.0 = Debug|Any CPU
		{1A188D1E-5A40-4839-8E83-8733DA767A90}.AppStore|ARM.ActiveCfg = Debug|Any CPU
		{1A188D1E-5A40-4839-8E83-8733DA767A90}.AppStore|ARM.Build.0 = Debug|Any CPU
		{1A188D1E-5A40-4839-8E83-8733DA767A90}.AppStore|ARM64.ActiveCfg = Debug|Any CPU
		{1A188D1E-5A40-4839-8E83-8733DA767A90}.AppStore|ARM64.Build.0 = Debug|Any CPU
		{1A188D1E-5A40-4839-8E83-8733DA767A90}.AppStore|iPhone.ActiveCfg = Debug|Any CPU
		{1A188D1E-5A40-4839-8E83-8733DA767A90}.AppStore|iPhone.Build.0 = Debug|Any CPU
		{1A188D1E-5A40-4839-8E83-8733DA767A90}.AppStore|iPhoneSimulator.ActiveCfg = Debug|Any CPU
		{1A188D1E-5A40-4839-8E83-8733DA767A90}.AppStore|iPhoneSimulator.Build.0 = Debug|Any CPU
		{1A188D1E-5A40-4839-8E83-8733DA767A90}.AppStore|x64.ActiveCfg = Debug|Any CPU
		{1A188D1E-5A40-4839-8E83-8733DA767A90}.AppStore|x64.Build.0 = Debug|Any CPU
		{1A188D1E-5A40-4839-8E83-8733DA767A90}.AppStore|x86.ActiveCfg = Debug|Any CPU
		{1A188D1E-5A40-4839-8E83-8733DA767A90}.AppStore|x86.Build.0 = Debug|Any CPU
		{1A188D1E-5A40-4839-8E83-8733DA767A90}.Debug|Any CPU.ActiveCfg = Debug|Any CPU
		{1A188D1E-5A40-4839-8E83-8733DA767A90}.Debug|Any CPU.Build.0 = Debug|Any CPU
		{1A188D1E-5A40-4839-8E83-8733DA767A90}.Debug|ARM.ActiveCfg = Debug|Any CPU
		{1A188D1E-5A40-4839-8E83-8733DA767A90}.Debug|ARM.Build.0 = Debug|Any CPU
		{1A188D1E-5A40-4839-8E83-8733DA767A90}.Debug|ARM64.ActiveCfg = Debug|Any CPU
		{1A188D1E-5A40-4839-8E83-8733DA767A90}.Debug|ARM64.Build.0 = Debug|Any CPU
		{1A188D1E-5A40-4839-8E83-8733DA767A90}.Debug|iPhone.ActiveCfg = Debug|Any CPU
		{1A188D1E-5A40-4839-8E83-8733DA767A90}.Debug|iPhone.Build.0 = Debug|Any CPU
		{1A188D1E-5A40-4839-8E83-8733DA767A90}.Debug|iPhoneSimulator.ActiveCfg = Debug|Any CPU
		{1A188D1E-5A40-4839-8E83-8733DA767A90}.Debug|iPhoneSimulator.Build.0 = Debug|Any CPU
		{1A188D1E-5A40-4839-8E83-8733DA767A90}.Debug|x64.ActiveCfg = Debug|Any CPU
		{1A188D1E-5A40-4839-8E83-8733DA767A90}.Debug|x64.Build.0 = Debug|Any CPU
		{1A188D1E-5A40-4839-8E83-8733DA767A90}.Debug|x86.ActiveCfg = Debug|Any CPU
		{1A188D1E-5A40-4839-8E83-8733DA767A90}.Debug|x86.Build.0 = Debug|Any CPU
		{1A188D1E-5A40-4839-8E83-8733DA767A90}.Release|Any CPU.ActiveCfg = Release|Any CPU
		{1A188D1E-5A40-4839-8E83-8733DA767A90}.Release|Any CPU.Build.0 = Release|Any CPU
		{1A188D1E-5A40-4839-8E83-8733DA767A90}.Release|ARM.ActiveCfg = Release|Any CPU
		{1A188D1E-5A40-4839-8E83-8733DA767A90}.Release|ARM.Build.0 = Release|Any CPU
		{1A188D1E-5A40-4839-8E83-8733DA767A90}.Release|ARM64.ActiveCfg = Release|Any CPU
		{1A188D1E-5A40-4839-8E83-8733DA767A90}.Release|ARM64.Build.0 = Release|Any CPU
		{1A188D1E-5A40-4839-8E83-8733DA767A90}.Release|iPhone.ActiveCfg = Release|Any CPU
		{1A188D1E-5A40-4839-8E83-8733DA767A90}.Release|iPhone.Build.0 = Release|Any CPU
		{1A188D1E-5A40-4839-8E83-8733DA767A90}.Release|iPhoneSimulator.ActiveCfg = Release|Any CPU
		{1A188D1E-5A40-4839-8E83-8733DA767A90}.Release|iPhoneSimulator.Build.0 = Release|Any CPU
		{1A188D1E-5A40-4839-8E83-8733DA767A90}.Release|x64.ActiveCfg = Release|Any CPU
		{1A188D1E-5A40-4839-8E83-8733DA767A90}.Release|x64.Build.0 = Release|Any CPU
		{1A188D1E-5A40-4839-8E83-8733DA767A90}.Release|x86.ActiveCfg = Release|Any CPU
		{1A188D1E-5A40-4839-8E83-8733DA767A90}.Release|x86.Build.0 = Release|Any CPU
		{EB8077F4-5B84-492C-AA1E-9CA8F60E9669}.Ad-Hoc|Any CPU.ActiveCfg = Debug|Any CPU
		{EB8077F4-5B84-492C-AA1E-9CA8F60E9669}.Ad-Hoc|Any CPU.Build.0 = Debug|Any CPU
		{EB8077F4-5B84-492C-AA1E-9CA8F60E9669}.Ad-Hoc|ARM.ActiveCfg = Debug|Any CPU
		{EB8077F4-5B84-492C-AA1E-9CA8F60E9669}.Ad-Hoc|ARM.Build.0 = Debug|Any CPU
		{EB8077F4-5B84-492C-AA1E-9CA8F60E9669}.Ad-Hoc|ARM64.ActiveCfg = Debug|Any CPU
		{EB8077F4-5B84-492C-AA1E-9CA8F60E9669}.Ad-Hoc|ARM64.Build.0 = Debug|Any CPU
		{EB8077F4-5B84-492C-AA1E-9CA8F60E9669}.Ad-Hoc|iPhone.ActiveCfg = Debug|Any CPU
		{EB8077F4-5B84-492C-AA1E-9CA8F60E9669}.Ad-Hoc|iPhone.Build.0 = Debug|Any CPU
		{EB8077F4-5B84-492C-AA1E-9CA8F60E9669}.Ad-Hoc|iPhoneSimulator.ActiveCfg = Debug|Any CPU
		{EB8077F4-5B84-492C-AA1E-9CA8F60E9669}.Ad-Hoc|iPhoneSimulator.Build.0 = Debug|Any CPU
		{EB8077F4-5B84-492C-AA1E-9CA8F60E9669}.Ad-Hoc|x64.ActiveCfg = Debug|Any CPU
		{EB8077F4-5B84-492C-AA1E-9CA8F60E9669}.Ad-Hoc|x64.Build.0 = Debug|Any CPU
		{EB8077F4-5B84-492C-AA1E-9CA8F60E9669}.Ad-Hoc|x86.ActiveCfg = Debug|Any CPU
		{EB8077F4-5B84-492C-AA1E-9CA8F60E9669}.Ad-Hoc|x86.Build.0 = Debug|Any CPU
		{EB8077F4-5B84-492C-AA1E-9CA8F60E9669}.AppStore|Any CPU.ActiveCfg = Debug|Any CPU
		{EB8077F4-5B84-492C-AA1E-9CA8F60E9669}.AppStore|Any CPU.Build.0 = Debug|Any CPU
		{EB8077F4-5B84-492C-AA1E-9CA8F60E9669}.AppStore|ARM.ActiveCfg = Debug|Any CPU
		{EB8077F4-5B84-492C-AA1E-9CA8F60E9669}.AppStore|ARM.Build.0 = Debug|Any CPU
		{EB8077F4-5B84-492C-AA1E-9CA8F60E9669}.AppStore|ARM64.ActiveCfg = Debug|Any CPU
		{EB8077F4-5B84-492C-AA1E-9CA8F60E9669}.AppStore|ARM64.Build.0 = Debug|Any CPU
		{EB8077F4-5B84-492C-AA1E-9CA8F60E9669}.AppStore|iPhone.ActiveCfg = Debug|Any CPU
		{EB8077F4-5B84-492C-AA1E-9CA8F60E9669}.AppStore|iPhone.Build.0 = Debug|Any CPU
		{EB8077F4-5B84-492C-AA1E-9CA8F60E9669}.AppStore|iPhoneSimulator.ActiveCfg = Debug|Any CPU
		{EB8077F4-5B84-492C-AA1E-9CA8F60E9669}.AppStore|iPhoneSimulator.Build.0 = Debug|Any CPU
		{EB8077F4-5B84-492C-AA1E-9CA8F60E9669}.AppStore|x64.ActiveCfg = Debug|Any CPU
		{EB8077F4-5B84-492C-AA1E-9CA8F60E9669}.AppStore|x64.Build.0 = Debug|Any CPU
		{EB8077F4-5B84-492C-AA1E-9CA8F60E9669}.AppStore|x86.ActiveCfg = Debug|Any CPU
		{EB8077F4-5B84-492C-AA1E-9CA8F60E9669}.AppStore|x86.Build.0 = Debug|Any CPU
		{EB8077F4-5B84-492C-AA1E-9CA8F60E9669}.Debug|Any CPU.ActiveCfg = Debug|Any CPU
		{EB8077F4-5B84-492C-AA1E-9CA8F60E9669}.Debug|Any CPU.Build.0 = Debug|Any CPU
		{EB8077F4-5B84-492C-AA1E-9CA8F60E9669}.Debug|ARM.ActiveCfg = Debug|Any CPU
		{EB8077F4-5B84-492C-AA1E-9CA8F60E9669}.Debug|ARM.Build.0 = Debug|Any CPU
		{EB8077F4-5B84-492C-AA1E-9CA8F60E9669}.Debug|ARM64.ActiveCfg = Debug|Any CPU
		{EB8077F4-5B84-492C-AA1E-9CA8F60E9669}.Debug|ARM64.Build.0 = Debug|Any CPU
		{EB8077F4-5B84-492C-AA1E-9CA8F60E9669}.Debug|iPhone.ActiveCfg = Debug|Any CPU
		{EB8077F4-5B84-492C-AA1E-9CA8F60E9669}.Debug|iPhone.Build.0 = Debug|Any CPU
		{EB8077F4-5B84-492C-AA1E-9CA8F60E9669}.Debug|iPhoneSimulator.ActiveCfg = Debug|Any CPU
		{EB8077F4-5B84-492C-AA1E-9CA8F60E9669}.Debug|iPhoneSimulator.Build.0 = Debug|Any CPU
		{EB8077F4-5B84-492C-AA1E-9CA8F60E9669}.Debug|x64.ActiveCfg = Debug|Any CPU
		{EB8077F4-5B84-492C-AA1E-9CA8F60E9669}.Debug|x64.Build.0 = Debug|Any CPU
		{EB8077F4-5B84-492C-AA1E-9CA8F60E9669}.Debug|x86.ActiveCfg = Debug|Any CPU
		{EB8077F4-5B84-492C-AA1E-9CA8F60E9669}.Debug|x86.Build.0 = Debug|Any CPU
		{EB8077F4-5B84-492C-AA1E-9CA8F60E9669}.Release|Any CPU.ActiveCfg = Release|Any CPU
		{EB8077F4-5B84-492C-AA1E-9CA8F60E9669}.Release|Any CPU.Build.0 = Release|Any CPU
		{EB8077F4-5B84-492C-AA1E-9CA8F60E9669}.Release|ARM.ActiveCfg = Release|Any CPU
		{EB8077F4-5B84-492C-AA1E-9CA8F60E9669}.Release|ARM.Build.0 = Release|Any CPU
		{EB8077F4-5B84-492C-AA1E-9CA8F60E9669}.Release|ARM64.ActiveCfg = Release|Any CPU
		{EB8077F4-5B84-492C-AA1E-9CA8F60E9669}.Release|ARM64.Build.0 = Release|Any CPU
		{EB8077F4-5B84-492C-AA1E-9CA8F60E9669}.Release|iPhone.ActiveCfg = Release|Any CPU
		{EB8077F4-5B84-492C-AA1E-9CA8F60E9669}.Release|iPhone.Build.0 = Release|Any CPU
		{EB8077F4-5B84-492C-AA1E-9CA8F60E9669}.Release|iPhoneSimulator.ActiveCfg = Release|Any CPU
		{EB8077F4-5B84-492C-AA1E-9CA8F60E9669}.Release|iPhoneSimulator.Build.0 = Release|Any CPU
		{EB8077F4-5B84-492C-AA1E-9CA8F60E9669}.Release|x64.ActiveCfg = Release|Any CPU
		{EB8077F4-5B84-492C-AA1E-9CA8F60E9669}.Release|x64.Build.0 = Release|Any CPU
		{EB8077F4-5B84-492C-AA1E-9CA8F60E9669}.Release|x86.ActiveCfg = Release|Any CPU
		{EB8077F4-5B84-492C-AA1E-9CA8F60E9669}.Release|x86.Build.0 = Release|Any CPU
		{E8295193-647A-4DAC-A404-2722A5699FC2}.Ad-Hoc|Any CPU.ActiveCfg = Debug|Any CPU
		{E8295193-647A-4DAC-A404-2722A5699FC2}.Ad-Hoc|Any CPU.Build.0 = Debug|Any CPU
		{E8295193-647A-4DAC-A404-2722A5699FC2}.Ad-Hoc|ARM.ActiveCfg = Debug|Any CPU
		{E8295193-647A-4DAC-A404-2722A5699FC2}.Ad-Hoc|ARM.Build.0 = Debug|Any CPU
		{E8295193-647A-4DAC-A404-2722A5699FC2}.Ad-Hoc|ARM64.ActiveCfg = Debug|Any CPU
		{E8295193-647A-4DAC-A404-2722A5699FC2}.Ad-Hoc|ARM64.Build.0 = Debug|Any CPU
		{E8295193-647A-4DAC-A404-2722A5699FC2}.Ad-Hoc|iPhone.ActiveCfg = Debug|Any CPU
		{E8295193-647A-4DAC-A404-2722A5699FC2}.Ad-Hoc|iPhone.Build.0 = Debug|Any CPU
		{E8295193-647A-4DAC-A404-2722A5699FC2}.Ad-Hoc|iPhoneSimulator.ActiveCfg = Debug|Any CPU
		{E8295193-647A-4DAC-A404-2722A5699FC2}.Ad-Hoc|iPhoneSimulator.Build.0 = Debug|Any CPU
		{E8295193-647A-4DAC-A404-2722A5699FC2}.Ad-Hoc|x64.ActiveCfg = Debug|Any CPU
		{E8295193-647A-4DAC-A404-2722A5699FC2}.Ad-Hoc|x64.Build.0 = Debug|Any CPU
		{E8295193-647A-4DAC-A404-2722A5699FC2}.Ad-Hoc|x86.ActiveCfg = Debug|Any CPU
		{E8295193-647A-4DAC-A404-2722A5699FC2}.Ad-Hoc|x86.Build.0 = Debug|Any CPU
		{E8295193-647A-4DAC-A404-2722A5699FC2}.AppStore|Any CPU.ActiveCfg = Debug|Any CPU
		{E8295193-647A-4DAC-A404-2722A5699FC2}.AppStore|Any CPU.Build.0 = Debug|Any CPU
		{E8295193-647A-4DAC-A404-2722A5699FC2}.AppStore|ARM.ActiveCfg = Debug|Any CPU
		{E8295193-647A-4DAC-A404-2722A5699FC2}.AppStore|ARM.Build.0 = Debug|Any CPU
		{E8295193-647A-4DAC-A404-2722A5699FC2}.AppStore|ARM64.ActiveCfg = Debug|Any CPU
		{E8295193-647A-4DAC-A404-2722A5699FC2}.AppStore|ARM64.Build.0 = Debug|Any CPU
		{E8295193-647A-4DAC-A404-2722A5699FC2}.AppStore|iPhone.ActiveCfg = Debug|Any CPU
		{E8295193-647A-4DAC-A404-2722A5699FC2}.AppStore|iPhone.Build.0 = Debug|Any CPU
		{E8295193-647A-4DAC-A404-2722A5699FC2}.AppStore|iPhoneSimulator.ActiveCfg = Debug|Any CPU
		{E8295193-647A-4DAC-A404-2722A5699FC2}.AppStore|iPhoneSimulator.Build.0 = Debug|Any CPU
		{E8295193-647A-4DAC-A404-2722A5699FC2}.AppStore|x64.ActiveCfg = Debug|Any CPU
		{E8295193-647A-4DAC-A404-2722A5699FC2}.AppStore|x64.Build.0 = Debug|Any CPU
		{E8295193-647A-4DAC-A404-2722A5699FC2}.AppStore|x86.ActiveCfg = Debug|Any CPU
		{E8295193-647A-4DAC-A404-2722A5699FC2}.AppStore|x86.Build.0 = Debug|Any CPU
		{E8295193-647A-4DAC-A404-2722A5699FC2}.Debug|Any CPU.ActiveCfg = Debug|Any CPU
		{E8295193-647A-4DAC-A404-2722A5699FC2}.Debug|Any CPU.Build.0 = Debug|Any CPU
		{E8295193-647A-4DAC-A404-2722A5699FC2}.Debug|ARM.ActiveCfg = Debug|Any CPU
		{E8295193-647A-4DAC-A404-2722A5699FC2}.Debug|ARM.Build.0 = Debug|Any CPU
		{E8295193-647A-4DAC-A404-2722A5699FC2}.Debug|ARM64.ActiveCfg = Debug|Any CPU
		{E8295193-647A-4DAC-A404-2722A5699FC2}.Debug|ARM64.Build.0 = Debug|Any CPU
		{E8295193-647A-4DAC-A404-2722A5699FC2}.Debug|iPhone.ActiveCfg = Debug|Any CPU
		{E8295193-647A-4DAC-A404-2722A5699FC2}.Debug|iPhone.Build.0 = Debug|Any CPU
		{E8295193-647A-4DAC-A404-2722A5699FC2}.Debug|iPhoneSimulator.ActiveCfg = Debug|Any CPU
		{E8295193-647A-4DAC-A404-2722A5699FC2}.Debug|iPhoneSimulator.Build.0 = Debug|Any CPU
		{E8295193-647A-4DAC-A404-2722A5699FC2}.Debug|x64.ActiveCfg = Debug|Any CPU
		{E8295193-647A-4DAC-A404-2722A5699FC2}.Debug|x64.Build.0 = Debug|Any CPU
		{E8295193-647A-4DAC-A404-2722A5699FC2}.Debug|x86.ActiveCfg = Debug|Any CPU
		{E8295193-647A-4DAC-A404-2722A5699FC2}.Debug|x86.Build.0 = Debug|Any CPU
		{E8295193-647A-4DAC-A404-2722A5699FC2}.Release|Any CPU.ActiveCfg = Release|Any CPU
		{E8295193-647A-4DAC-A404-2722A5699FC2}.Release|Any CPU.Build.0 = Release|Any CPU
		{E8295193-647A-4DAC-A404-2722A5699FC2}.Release|ARM.ActiveCfg = Release|Any CPU
		{E8295193-647A-4DAC-A404-2722A5699FC2}.Release|ARM.Build.0 = Release|Any CPU
		{E8295193-647A-4DAC-A404-2722A5699FC2}.Release|ARM64.ActiveCfg = Release|Any CPU
		{E8295193-647A-4DAC-A404-2722A5699FC2}.Release|ARM64.Build.0 = Release|Any CPU
		{E8295193-647A-4DAC-A404-2722A5699FC2}.Release|iPhone.ActiveCfg = Release|Any CPU
		{E8295193-647A-4DAC-A404-2722A5699FC2}.Release|iPhone.Build.0 = Release|Any CPU
		{E8295193-647A-4DAC-A404-2722A5699FC2}.Release|iPhoneSimulator.ActiveCfg = Release|Any CPU
		{E8295193-647A-4DAC-A404-2722A5699FC2}.Release|iPhoneSimulator.Build.0 = Release|Any CPU
		{E8295193-647A-4DAC-A404-2722A5699FC2}.Release|x64.ActiveCfg = Release|Any CPU
		{E8295193-647A-4DAC-A404-2722A5699FC2}.Release|x64.Build.0 = Release|Any CPU
		{E8295193-647A-4DAC-A404-2722A5699FC2}.Release|x86.ActiveCfg = Release|Any CPU
		{E8295193-647A-4DAC-A404-2722A5699FC2}.Release|x86.Build.0 = Release|Any CPU
		{A6149167-6FA7-4E97-87A9-A13D17C43D24}.Ad-Hoc|Any CPU.ActiveCfg = Debug|Any CPU
		{A6149167-6FA7-4E97-87A9-A13D17C43D24}.Ad-Hoc|Any CPU.Build.0 = Debug|Any CPU
		{A6149167-6FA7-4E97-87A9-A13D17C43D24}.Ad-Hoc|ARM.ActiveCfg = Debug|Any CPU
		{A6149167-6FA7-4E97-87A9-A13D17C43D24}.Ad-Hoc|ARM.Build.0 = Debug|Any CPU
		{A6149167-6FA7-4E97-87A9-A13D17C43D24}.Ad-Hoc|ARM64.ActiveCfg = Debug|Any CPU
		{A6149167-6FA7-4E97-87A9-A13D17C43D24}.Ad-Hoc|ARM64.Build.0 = Debug|Any CPU
		{A6149167-6FA7-4E97-87A9-A13D17C43D24}.Ad-Hoc|iPhone.ActiveCfg = Debug|Any CPU
		{A6149167-6FA7-4E97-87A9-A13D17C43D24}.Ad-Hoc|iPhone.Build.0 = Debug|Any CPU
		{A6149167-6FA7-4E97-87A9-A13D17C43D24}.Ad-Hoc|iPhoneSimulator.ActiveCfg = Debug|Any CPU
		{A6149167-6FA7-4E97-87A9-A13D17C43D24}.Ad-Hoc|iPhoneSimulator.Build.0 = Debug|Any CPU
		{A6149167-6FA7-4E97-87A9-A13D17C43D24}.Ad-Hoc|x64.ActiveCfg = Debug|Any CPU
		{A6149167-6FA7-4E97-87A9-A13D17C43D24}.Ad-Hoc|x64.Build.0 = Debug|Any CPU
		{A6149167-6FA7-4E97-87A9-A13D17C43D24}.Ad-Hoc|x86.ActiveCfg = Debug|Any CPU
		{A6149167-6FA7-4E97-87A9-A13D17C43D24}.Ad-Hoc|x86.Build.0 = Debug|Any CPU
		{A6149167-6FA7-4E97-87A9-A13D17C43D24}.AppStore|Any CPU.ActiveCfg = Debug|Any CPU
		{A6149167-6FA7-4E97-87A9-A13D17C43D24}.AppStore|Any CPU.Build.0 = Debug|Any CPU
		{A6149167-6FA7-4E97-87A9-A13D17C43D24}.AppStore|ARM.ActiveCfg = Debug|Any CPU
		{A6149167-6FA7-4E97-87A9-A13D17C43D24}.AppStore|ARM.Build.0 = Debug|Any CPU
		{A6149167-6FA7-4E97-87A9-A13D17C43D24}.AppStore|ARM64.ActiveCfg = Debug|Any CPU
		{A6149167-6FA7-4E97-87A9-A13D17C43D24}.AppStore|ARM64.Build.0 = Debug|Any CPU
		{A6149167-6FA7-4E97-87A9-A13D17C43D24}.AppStore|iPhone.ActiveCfg = Debug|Any CPU
		{A6149167-6FA7-4E97-87A9-A13D17C43D24}.AppStore|iPhone.Build.0 = Debug|Any CPU
		{A6149167-6FA7-4E97-87A9-A13D17C43D24}.AppStore|iPhoneSimulator.ActiveCfg = Debug|Any CPU
		{A6149167-6FA7-4E97-87A9-A13D17C43D24}.AppStore|iPhoneSimulator.Build.0 = Debug|Any CPU
		{A6149167-6FA7-4E97-87A9-A13D17C43D24}.AppStore|x64.ActiveCfg = Debug|Any CPU
		{A6149167-6FA7-4E97-87A9-A13D17C43D24}.AppStore|x64.Build.0 = Debug|Any CPU
		{A6149167-6FA7-4E97-87A9-A13D17C43D24}.AppStore|x86.ActiveCfg = Debug|Any CPU
		{A6149167-6FA7-4E97-87A9-A13D17C43D24}.AppStore|x86.Build.0 = Debug|Any CPU
		{A6149167-6FA7-4E97-87A9-A13D17C43D24}.Debug|Any CPU.ActiveCfg = Debug|Any CPU
		{A6149167-6FA7-4E97-87A9-A13D17C43D24}.Debug|Any CPU.Build.0 = Debug|Any CPU
		{A6149167-6FA7-4E97-87A9-A13D17C43D24}.Debug|ARM.ActiveCfg = Debug|Any CPU
		{A6149167-6FA7-4E97-87A9-A13D17C43D24}.Debug|ARM.Build.0 = Debug|Any CPU
		{A6149167-6FA7-4E97-87A9-A13D17C43D24}.Debug|ARM64.ActiveCfg = Debug|Any CPU
		{A6149167-6FA7-4E97-87A9-A13D17C43D24}.Debug|ARM64.Build.0 = Debug|Any CPU
		{A6149167-6FA7-4E97-87A9-A13D17C43D24}.Debug|iPhone.ActiveCfg = Debug|Any CPU
		{A6149167-6FA7-4E97-87A9-A13D17C43D24}.Debug|iPhone.Build.0 = Debug|Any CPU
		{A6149167-6FA7-4E97-87A9-A13D17C43D24}.Debug|iPhoneSimulator.ActiveCfg = Debug|Any CPU
		{A6149167-6FA7-4E97-87A9-A13D17C43D24}.Debug|iPhoneSimulator.Build.0 = Debug|Any CPU
		{A6149167-6FA7-4E97-87A9-A13D17C43D24}.Debug|x64.ActiveCfg = Debug|Any CPU
		{A6149167-6FA7-4E97-87A9-A13D17C43D24}.Debug|x64.Build.0 = Debug|Any CPU
		{A6149167-6FA7-4E97-87A9-A13D17C43D24}.Debug|x86.ActiveCfg = Debug|Any CPU
		{A6149167-6FA7-4E97-87A9-A13D17C43D24}.Debug|x86.Build.0 = Debug|Any CPU
		{A6149167-6FA7-4E97-87A9-A13D17C43D24}.Release|Any CPU.ActiveCfg = Release|Any CPU
		{A6149167-6FA7-4E97-87A9-A13D17C43D24}.Release|Any CPU.Build.0 = Release|Any CPU
		{A6149167-6FA7-4E97-87A9-A13D17C43D24}.Release|ARM.ActiveCfg = Release|Any CPU
		{A6149167-6FA7-4E97-87A9-A13D17C43D24}.Release|ARM.Build.0 = Release|Any CPU
		{A6149167-6FA7-4E97-87A9-A13D17C43D24}.Release|ARM64.ActiveCfg = Release|Any CPU
		{A6149167-6FA7-4E97-87A9-A13D17C43D24}.Release|ARM64.Build.0 = Release|Any CPU
		{A6149167-6FA7-4E97-87A9-A13D17C43D24}.Release|iPhone.ActiveCfg = Release|Any CPU
		{A6149167-6FA7-4E97-87A9-A13D17C43D24}.Release|iPhone.Build.0 = Release|Any CPU
		{A6149167-6FA7-4E97-87A9-A13D17C43D24}.Release|iPhoneSimulator.ActiveCfg = Release|Any CPU
		{A6149167-6FA7-4E97-87A9-A13D17C43D24}.Release|iPhoneSimulator.Build.0 = Release|Any CPU
		{A6149167-6FA7-4E97-87A9-A13D17C43D24}.Release|x64.ActiveCfg = Release|Any CPU
		{A6149167-6FA7-4E97-87A9-A13D17C43D24}.Release|x64.Build.0 = Release|Any CPU
		{A6149167-6FA7-4E97-87A9-A13D17C43D24}.Release|x86.ActiveCfg = Release|Any CPU
		{A6149167-6FA7-4E97-87A9-A13D17C43D24}.Release|x86.Build.0 = Release|Any CPU
		{EB3BB870-1E6D-41EE-9786-6601FAB97ED9}.Ad-Hoc|Any CPU.ActiveCfg = Debug|Any CPU
		{EB3BB870-1E6D-41EE-9786-6601FAB97ED9}.Ad-Hoc|Any CPU.Build.0 = Debug|Any CPU
		{EB3BB870-1E6D-41EE-9786-6601FAB97ED9}.Ad-Hoc|ARM.ActiveCfg = Debug|Any CPU
		{EB3BB870-1E6D-41EE-9786-6601FAB97ED9}.Ad-Hoc|ARM.Build.0 = Debug|Any CPU
		{EB3BB870-1E6D-41EE-9786-6601FAB97ED9}.Ad-Hoc|ARM64.ActiveCfg = Debug|Any CPU
		{EB3BB870-1E6D-41EE-9786-6601FAB97ED9}.Ad-Hoc|ARM64.Build.0 = Debug|Any CPU
		{EB3BB870-1E6D-41EE-9786-6601FAB97ED9}.Ad-Hoc|iPhone.ActiveCfg = Debug|Any CPU
		{EB3BB870-1E6D-41EE-9786-6601FAB97ED9}.Ad-Hoc|iPhone.Build.0 = Debug|Any CPU
		{EB3BB870-1E6D-41EE-9786-6601FAB97ED9}.Ad-Hoc|iPhoneSimulator.ActiveCfg = Debug|Any CPU
		{EB3BB870-1E6D-41EE-9786-6601FAB97ED9}.Ad-Hoc|iPhoneSimulator.Build.0 = Debug|Any CPU
		{EB3BB870-1E6D-41EE-9786-6601FAB97ED9}.Ad-Hoc|x64.ActiveCfg = Debug|Any CPU
		{EB3BB870-1E6D-41EE-9786-6601FAB97ED9}.Ad-Hoc|x64.Build.0 = Debug|Any CPU
		{EB3BB870-1E6D-41EE-9786-6601FAB97ED9}.Ad-Hoc|x86.ActiveCfg = Debug|Any CPU
		{EB3BB870-1E6D-41EE-9786-6601FAB97ED9}.Ad-Hoc|x86.Build.0 = Debug|Any CPU
		{EB3BB870-1E6D-41EE-9786-6601FAB97ED9}.AppStore|Any CPU.ActiveCfg = Debug|Any CPU
		{EB3BB870-1E6D-41EE-9786-6601FAB97ED9}.AppStore|Any CPU.Build.0 = Debug|Any CPU
		{EB3BB870-1E6D-41EE-9786-6601FAB97ED9}.AppStore|ARM.ActiveCfg = Debug|Any CPU
		{EB3BB870-1E6D-41EE-9786-6601FAB97ED9}.AppStore|ARM.Build.0 = Debug|Any CPU
		{EB3BB870-1E6D-41EE-9786-6601FAB97ED9}.AppStore|ARM64.ActiveCfg = Debug|Any CPU
		{EB3BB870-1E6D-41EE-9786-6601FAB97ED9}.AppStore|ARM64.Build.0 = Debug|Any CPU
		{EB3BB870-1E6D-41EE-9786-6601FAB97ED9}.AppStore|iPhone.ActiveCfg = Debug|Any CPU
		{EB3BB870-1E6D-41EE-9786-6601FAB97ED9}.AppStore|iPhone.Build.0 = Debug|Any CPU
		{EB3BB870-1E6D-41EE-9786-6601FAB97ED9}.AppStore|iPhoneSimulator.ActiveCfg = Debug|Any CPU
		{EB3BB870-1E6D-41EE-9786-6601FAB97ED9}.AppStore|iPhoneSimulator.Build.0 = Debug|Any CPU
		{EB3BB870-1E6D-41EE-9786-6601FAB97ED9}.AppStore|x64.ActiveCfg = Debug|Any CPU
		{EB3BB870-1E6D-41EE-9786-6601FAB97ED9}.AppStore|x64.Build.0 = Debug|Any CPU
		{EB3BB870-1E6D-41EE-9786-6601FAB97ED9}.AppStore|x86.ActiveCfg = Debug|Any CPU
		{EB3BB870-1E6D-41EE-9786-6601FAB97ED9}.AppStore|x86.Build.0 = Debug|Any CPU
		{EB3BB870-1E6D-41EE-9786-6601FAB97ED9}.Debug|Any CPU.ActiveCfg = Debug|Any CPU
		{EB3BB870-1E6D-41EE-9786-6601FAB97ED9}.Debug|Any CPU.Build.0 = Debug|Any CPU
		{EB3BB870-1E6D-41EE-9786-6601FAB97ED9}.Debug|ARM.ActiveCfg = Debug|Any CPU
		{EB3BB870-1E6D-41EE-9786-6601FAB97ED9}.Debug|ARM.Build.0 = Debug|Any CPU
		{EB3BB870-1E6D-41EE-9786-6601FAB97ED9}.Debug|ARM64.ActiveCfg = Debug|Any CPU
		{EB3BB870-1E6D-41EE-9786-6601FAB97ED9}.Debug|ARM64.Build.0 = Debug|Any CPU
		{EB3BB870-1E6D-41EE-9786-6601FAB97ED9}.Debug|iPhone.ActiveCfg = Debug|Any CPU
		{EB3BB870-1E6D-41EE-9786-6601FAB97ED9}.Debug|iPhone.Build.0 = Debug|Any CPU
		{EB3BB870-1E6D-41EE-9786-6601FAB97ED9}.Debug|iPhoneSimulator.ActiveCfg = Debug|Any CPU
		{EB3BB870-1E6D-41EE-9786-6601FAB97ED9}.Debug|iPhoneSimulator.Build.0 = Debug|Any CPU
		{EB3BB870-1E6D-41EE-9786-6601FAB97ED9}.Debug|x64.ActiveCfg = Debug|Any CPU
		{EB3BB870-1E6D-41EE-9786-6601FAB97ED9}.Debug|x64.Build.0 = Debug|Any CPU
		{EB3BB870-1E6D-41EE-9786-6601FAB97ED9}.Debug|x86.ActiveCfg = Debug|Any CPU
		{EB3BB870-1E6D-41EE-9786-6601FAB97ED9}.Debug|x86.Build.0 = Debug|Any CPU
		{EB3BB870-1E6D-41EE-9786-6601FAB97ED9}.Release|Any CPU.ActiveCfg = Release|Any CPU
		{EB3BB870-1E6D-41EE-9786-6601FAB97ED9}.Release|Any CPU.Build.0 = Release|Any CPU
		{EB3BB870-1E6D-41EE-9786-6601FAB97ED9}.Release|ARM.ActiveCfg = Release|Any CPU
		{EB3BB870-1E6D-41EE-9786-6601FAB97ED9}.Release|ARM.Build.0 = Release|Any CPU
		{EB3BB870-1E6D-41EE-9786-6601FAB97ED9}.Release|ARM64.ActiveCfg = Release|Any CPU
		{EB3BB870-1E6D-41EE-9786-6601FAB97ED9}.Release|ARM64.Build.0 = Release|Any CPU
		{EB3BB870-1E6D-41EE-9786-6601FAB97ED9}.Release|iPhone.ActiveCfg = Release|Any CPU
		{EB3BB870-1E6D-41EE-9786-6601FAB97ED9}.Release|iPhone.Build.0 = Release|Any CPU
		{EB3BB870-1E6D-41EE-9786-6601FAB97ED9}.Release|iPhoneSimulator.ActiveCfg = Release|Any CPU
		{EB3BB870-1E6D-41EE-9786-6601FAB97ED9}.Release|iPhoneSimulator.Build.0 = Release|Any CPU
		{EB3BB870-1E6D-41EE-9786-6601FAB97ED9}.Release|x64.ActiveCfg = Release|Any CPU
		{EB3BB870-1E6D-41EE-9786-6601FAB97ED9}.Release|x64.Build.0 = Release|Any CPU
		{EB3BB870-1E6D-41EE-9786-6601FAB97ED9}.Release|x86.ActiveCfg = Release|Any CPU
		{EB3BB870-1E6D-41EE-9786-6601FAB97ED9}.Release|x86.Build.0 = Release|Any CPU
	EndGlobalSection
	GlobalSection(SolutionProperties) = preSolution
		HideSolutionNode = FALSE
	EndGlobalSection
	GlobalSection(NestedProjects) = preSolution
		{EB3BB870-1E6D-41EE-9786-6601FAB97ED9} = {613AE0CB-0E5F-4B0C-B990-01B33690947A}
	EndGlobalSection
	GlobalSection(ExtensibilityGlobals) = postSolution
		SolutionGuid = {22BBFDF2-3928-40CE-BDF3-15001CEADDEF}
	EndGlobalSection
EndGlobal
